
Microsoft Visual Studio Solution File, Format Version 12.00
Project("{FAE04EC0-301F-11D3-BF4B-00C04F79EFBC}") = "src", "src\src.csproj", "{F8ED856C-914B-42F6-91B3-DA4BC86B8E12}"
EndProject
Project("{FAE04EC0-301F-11D3-BF4B-00C04F79EFBC}") = "src.Tests", "src.Tests\src.Tests.csproj", "{8FF8EEAC-74FF-4B7E-ACF5-2E662D036A44}"
EndProject
Global
	GlobalSection(SolutionConfigurationPlatforms) = preSolution
		Debug|Any CPU = Debug|Any CPU
		Release|Any CPU = Release|Any CPU
	EndGlobalSection
	GlobalSection(ProjectConfigurationPlatforms) = postSolution
		{F8ED856C-914B-42F6-91B3-DA4BC86B8E12}.Debug|Any CPU.ActiveCfg = Debug|Any CPU
		{F8ED856C-914B-42F6-91B3-DA4BC86B8E12}.Debug|Any CPU.Build.0 = Debug|Any CPU
		{F8ED856C-914B-42F6-91B3-DA4BC86B8E12}.Release|Any CPU.ActiveCfg = Release|Any CPU
		{F8ED856C-914B-42F6-91B3-DA4BC86B8E12}.Release|Any CPU.Build.0 = Release|Any CPU
		{8FF8EEAC-74FF-4B7E-ACF5-2E662D036A44}.Debug|Any CPU.ActiveCfg = Debug|Any CPU
		{8FF8EEAC-74FF-4B7E-ACF5-2E662D036A44}.Debug|Any CPU.Build.0 = Debug|Any CPU
		{8FF8EEAC-74FF-4B7E-ACF5-2E662D036A44}.Release|Any CPU.ActiveCfg = Release|Any CPU
		{8FF8EEAC-74FF-4B7E-ACF5-2E662D036A44}.Release|Any CPU.Build.0 = Release|Any CPU
	EndGlobalSection
EndGlobal
